
Microsoft Visual Studio Solution File, Format Version 12.00
# Visual Studio 2013
VisualStudioVersion = 12.0.31101.0
MinimumVisualStudioVersion = 10.0.40219.1
Project("{FAE04EC0-301F-11D3-BF4B-00C04F79EFBC}") = "TestApp", "TestApp\TestApp.csproj", "{DDFAA201-D7B3-4E74-83FE-D8859DE05DA3}"
EndProject
Global
	GlobalSection(SolutionConfigurationPlatforms) = preSolution
		Debug|Any CPU = Debug|Any CPU
		Release|Any CPU = Release|Any CPU
	EndGlobalSection
	GlobalSection(ProjectConfigurationPlatforms) = postSolution
		{DDFAA201-D7B3-4E74-83FE-D8859DE05DA3}.Debug|Any CPU.ActiveCfg = Debug|Any CPU
		{DDFAA201-D7B3-4E74-83FE-D8859DE05DA3}.Debug|Any CPU.Build.0 = Debug|Any CPU
		{DDFAA201-D7B3-4E74-83FE-D8859DE05DA3}.Release|Any CPU.ActiveCfg = Release|Any CPU
		{DDFAA201-D7B3-4E74-83FE-D8859DE05DA3}.Release|Any CPU.Build.0 = Release|Any CPU
	EndGlobalSection
	GlobalSection(SolutionProperties) = preSolution
		HideSolutionNode = FALSE
	EndGlobalSection
EndGlobal
